// !$*UTF8*$!
{
	archiveVersion = 1;
	classes = {
	};
	objectVersion = 50;
	objects = {

/* Begin PBXBuildFile section */
		ED1855C121C2D127001977B0 /* AppDelegate.swift in Sources */ = {isa = PBXBuildFile; fileRef = ED1855C021C2D127001977B0 /* AppDelegate.swift */; };
		ED1855C321C2D127001977B0 /* ViewController.swift in Sources */ = {isa = PBXBuildFile; fileRef = ED1855C221C2D127001977B0 /* ViewController.swift */; };
		ED1855C621C2D127001977B0 /* Main.storyboard in Resources */ = {isa = PBXBuildFile; fileRef = ED1855C421C2D127001977B0 /* Main.storyboard */; };
		ED1855C921C2D127001977B0 /* Set_Project.xcdatamodeld in Sources */ = {isa = PBXBuildFile; fileRef = ED1855C721C2D127001977B0 /* Set_Project.xcdatamodeld */; };
		ED1855CB21C2D12A001977B0 /* Assets.xcassets in Resources */ = {isa = PBXBuildFile; fileRef = ED1855CA21C2D12A001977B0 /* Assets.xcassets */; };
		ED1855CE21C2D12A001977B0 /* LaunchScreen.storyboard in Resources */ = {isa = PBXBuildFile; fileRef = ED1855CC21C2D12A001977B0 /* LaunchScreen.storyboard */; };
/* End PBXBuildFile section */

/* Begin PBXFileReference section */
		ED1855BD21C2D127001977B0 /* Set Project.app */ = {isa = PBXFileReference; explicitFileType = wrapper.application; includeInIndex = 0; path = "Set Project.app"; sourceTree = BUILT_PRODUCTS_DIR; };
		ED1855C021C2D127001977B0 /* AppDelegate.swift */ = {isa = PBXFileReference; lastKnownFileType = sourcecode.swift; path = AppDelegate.swift; sourceTree = "<group>"; };
		ED1855C221C2D127001977B0 /* ViewController.swift */ = {isa = PBXFileReference; lastKnownFileType = sourcecode.swift; path = ViewController.swift; sourceTree = "<group>"; };
		ED1855C521C2D127001977B0 /* Base */ = {isa = PBXFileReference; lastKnownFileType = file.storyboard; name = Base; path = Base.lproj/Main.storyboard; sourceTree = "<group>"; };
		ED1855C821C2D127001977B0 /* Set_Project.xcdatamodel */ = {isa = PBXFileReference; lastKnownFileType = wrapper.xcdatamodel; path = Set_Project.xcdatamodel; sourceTree = "<group>"; };
		ED1855CA21C2D12A001977B0 /* Assets.xcassets */ = {isa = PBXFileReference; lastKnownFileType = folder.assetcatalog; path = Assets.xcassets; sourceTree = "<group>"; };
		ED1855CD21C2D12A001977B0 /* Base */ = {isa = PBXFileReference; lastKnownFileType = file.storyboard; name = Base; path = Base.lproj/LaunchScreen.storyboard; sourceTree = "<group>"; };
		ED1855CF21C2D12A001977B0 /* Info.plist */ = {isa = PBXFileReference; lastKnownFileType = text.plist.xml; path = Info.plist; sourceTree = "<group>"; };
/* End PBXFileReference section */

/* Begin PBXFrameworksBuildPhase section */
		ED1855BA21C2D127001977B0 /* Frameworks */ = {
			isa = PBXFrameworksBuildPhase;
			buildActionMask = 2147483647;
			files = (
			);
			runOnlyForDeploymentPostprocessing = 0;
		};
/* End PBXFrameworksBuildPhase section */

/* Begin PBXGroup section */
		ED1855B421C2D127001977B0 = {
			isa = PBXGroup;
			children = (
				ED1855BF21C2D127001977B0 /* Set Project */,
				ED1855BE21C2D127001977B0 /* Products */,
			);
			sourceTree = "<group>";
		};
		ED1855BE21C2D127001977B0 /* Products */ = {
			isa = PBXGroup;
			children = (
				ED1855BD21C2D127001977B0 /* Set Project.app */,
			);
			name = Products;
			sourceTree = "<group>";
		};
		ED1855BF21C2D127001977B0 /* Set Project */ = {
			isa = PBXGroup;
			children = (
				ED1855C021C2D127001977B0 /* AppDelegate.swift */,
				ED1855C221C2D127001977B0 /* ViewController.swift */,
				ED1855C421C2D127001977B0 /* Main.storyboard */,
				ED1855CA21C2D12A001977B0 /* Assets.xcassets */,
				ED1855CC21C2D12A001977B0 /* LaunchScreen.storyboard */,
				ED1855CF21C2D12A001977B0 /* Info.plist */,
				ED1855C721C2D127001977B0 /* Set_Project.xcdatamodeld */,
			);
			path = "Set Project";
			sourceTree = "<group>";
		};
/* End PBXGroup section */

/* Begin PBXNativeTarget section */
		ED1855BC21C2D127001977B0 /* Set Project */ = {
			isa = PBXNativeTarget;
			buildConfigurationList = ED1855D221C2D12A001977B0 /* Build configuration list for PBXNativeTarget "Set Project" */;
			buildPhases = (
				ED1855B921C2D127001977B0 /* Sources */,
				ED1855BA21C2D127001977B0 /* Frameworks */,
				ED1855BB21C2D127001977B0 /* Resources */,
			);
			buildRules = (
			);
			dependencies = (
			);
			name = "Set Project";
			productName = "Set Project";
			productReference = ED1855BD21C2D127001977B0 /* Set Project.app */;
			productType = "com.apple.product-type.application";
		};
/* End PBXNativeTarget section */

/* Begin PBXProject section */
		ED1855B521C2D127001977B0 /* Project object */ = {
			isa = PBXProject;
			attributes = {
				LastSwiftUpdateCheck = 1010;
				LastUpgradeCheck = 1010;
				ORGANIZATIONNAME = MindFrame;
				TargetAttributes = {
					ED1855BC21C2D127001977B0 = {
						CreatedOnToolsVersion = 10.1;
					};
				};
			};
			buildConfigurationList = ED1855B821C2D127001977B0 /* Build configuration list for PBXProject "Set Project" */;
			compatibilityVersion = "Xcode 9.3";
			developmentRegion = en;
			hasScannedForEncodings = 0;
			knownRegions = (
				en,
				Base,
			);
			mainGroup = ED1855B421C2D127001977B0;
			productRefGroup = ED1855BE21C2D127001977B0 /* Products */;
			projectDirPath = "";
			projectRoot = "";
			targets = (
				ED1855BC21C2D127001977B0 /* Set Project */,
			);
		};
/* End PBXProject section */

/* Begin PBXResourcesBuildPhase section */
		ED1855BB21C2D127001977B0 /* Resources */ = {
			isa = PBXResourcesBuildPhase;
			buildActionMask = 2147483647;
			files = (
				ED1855CE21C2D12A001977B0 /* LaunchScreen.storyboard in Resources */,
				ED1855CB21C2D12A001977B0 /* Assets.xcassets in Resources */,
				ED1855C621C2D127001977B0 /* Main.storyboard in Resources */,
			);
			runOnlyForDeploymentPostprocessing = 0;
		};
/* End PBXResourcesBuildPhase section */

/* Begin PBXSourcesBuildPhase section */
		ED1855B921C2D127001977B0 /* Sources */ = {
			isa = PBXSourcesBuildPhase;
			buildActionMask = 2147483647;
			files = (
				ED1855C321C2D127001977B0 /* ViewController.swift in Sources */,
				ED1855C121C2D127001977B0 /* AppDelegate.swift in Sources */,
				ED1855C921C2D127001977B0 /* Set_Project.xcdatamodeld in Sources */,
			);
			runOnlyForDeploymentPostprocessing = 0;
		};
/* End PBXSourcesBuildPhase section */

/* Begin PBXVariantGroup section */
		ED1855C421C2D127001977B0 /* Main.storyboard */ = {
			isa = PBXVariantGroup;
			children = (
				ED1855C521C2D127001977B0 /* Base */,
			);
			name = Main.storyboard;
			sourceTree = "<group>";
		};
		ED1855CC21C2D12A001977B0 /* LaunchScreen.storyboard */ = {
			isa = PBXVariantGroup;
			children = (
				ED1855CD21C2D12A001977B0 /* Base */,
			);
			name = LaunchScreen.storyboard;
			sourceTree = "<group>";
		};
/* End PBXVariantGroup section */

/* Begin XCBuildConfiguration section */
		ED1855D021C2D12A001977B0 /* Debug */ = {
			isa = XCBuildConfiguration;
			buildSettings = {
				ALWAYS_SEARCH_USER_PATHS = NO;
				CLANG_ANALYZER_NONNULL = YES;
				CLANG_ANALYZER_NUMBER_OBJECT_CONVERSION = YES_AGGRESSIVE;
				CLANG_CXX_LANGUAGE_STANDARD = "gnu++14";
				CLANG_CXX_LIBRARY = "libc++";
				CLANG_ENABLE_MODULES = YES;
				CLANG_ENABLE_OBJC_ARC = YES;
				CLANG_ENABLE_OBJC_WEAK = YES;
				CLANG_WARN_BLOCK_CAPTURE_AUTORELEASING = YES;
				CLANG_WARN_BOOL_CONVERSION = YES;
				CLANG_WARN_COMMA = YES;
				CLANG_WARN_CONSTANT_CONVERSION = YES;
				CLANG_WARN_DEPRECATED_OBJC_IMPLEMENTATIONS = YES;
				CLANG_WARN_DIRECT_OBJC_ISA_USAGE = YES_ERROR;
				CLANG_WARN_DOCUMENTATION_COMMENTS = YES;
				CLANG_WARN_EMPTY_BODY = YES;
				CLANG_WARN_ENUM_CONVERSION = YES;
				CLANG_WARN_INFINITE_RECURSION = YES;
				CLANG_WARN_INT_CONVERSION = YES;
				CLANG_WARN_NON_LITERAL_NULL_CONVERSION = YES;
				CLANG_WARN_OBJC_IMPLICIT_RETAIN_SELF = YES;
				CLANG_WARN_OBJC_LITERAL_CONVERSION = YES;
				CLANG_WARN_OBJC_ROOT_CLASS = YES_ERROR;
				CLANG_WARN_RANGE_LOOP_ANALYSIS = YES;
				CLANG_WARN_STRICT_PROTOTYPES = YES;
				CLANG_WARN_SUSPICIOUS_MOVE = YES;
				CLANG_WARN_UNGUARDED_AVAILABILITY = YES_AGGRESSIVE;
				CLANG_WARN_UNREACHABLE_CODE = YES;
				CLANG_WARN__DUPLICATE_METHOD_MATCH = YES;
				CODE_SIGN_IDENTITY = "iPhone Developer";
				COPY_PHASE_STRIP = NO;
				DEBUG_INFORMATION_FORMAT = dwarf;
				ENABLE_STRICT_OBJC_MSGSEND = YES;
				ENABLE_TESTABILITY = YES;
				GCC_C_LANGUAGE_STANDARD = gnu11;
				GCC_DYNAMIC_NO_PIC = NO;
				GCC_NO_COMMON_BLOCKS = YES;
				GCC_OPTIMIZATION_LEVEL = 0;
				GCC_PREPROCESSOR_DEFINITIONS = (
					"DEBUG=1",
					"$(inherited)",
				);
				GCC_WARN_64_TO_32_BIT_CONVERSION = YES;
				GCC_WARN_ABOUT_RETURN_TYPE = YES_ERROR;
				GCC_WARN_UNDECLARED_SELECTOR = YES;
				GCC_WARN_UNINITIALIZED_AUTOS = YES_AGGRESSIVE;
				GCC_WARN_UNUSED_FUNCTION = YES;
				GCC_WARN_UNUSED_VARIABLE = YES;
				IPHONEOS_DEPLOYMENT_TARGET = 12.1;
				MTL_ENABLE_DEBUG_INFO = INCLUDE_SOURCE;
				MTL_FAST_MATH = YES;
				ONLY_ACTIVE_ARCH = YES;
				SDKROOT = iphoneos;
				SWIFT_ACTIVE_COMPILATION_CONDITIONS = DEBUG;
				SWIFT_OPTIMIZATION_LEVEL = "-Onone";
			};
			name = Debug;
		};
		ED1855D121C2D12A001977B0 /* Release */ = {
			isa = XCBuildConfiguration;
			buildSettings = {
				ALWAYS_SEARCH_USER_PATHS = NO;
				CLANG_ANALYZER_NONNULL = YES;
				CLANG_ANALYZER_NUMBER_OBJECT_CONVERSION = YES_AGGRESSIVE;
				CLANG_CXX_LANGUAGE_STANDARD = "gnu++14";
				CLANG_CXX_LIBRARY = "libc++";
				CLANG_ENABLE_MODULES = YES;
				CLANG_ENABLE_OBJC_ARC = YES;
				CLANG_ENABLE_OBJC_WEAK = YES;
				CLANG_WARN_BLOCK_CAPTURE_AUTORELEASING = YES;
				CLANG_WARN_BOOL_CONVERSION = YES;
				CLANG_WARN_COMMA = YES;
				CLANG_WARN_CONSTANT_CONVERSION = YES;
				CLANG_WARN_DEPRECATED_OBJC_IMPLEMENTATIONS = YES;
				CLANG_WARN_DIRECT_OBJC_ISA_USAGE = YES_ERROR;
				CLANG_WARN_DOCUMENTATION_COMMENTS = YES;
				CLANG_WARN_EMPTY_BODY = YES;
				CLANG_WARN_ENUM_CONVERSION = YES;
				CLANG_WARN_INFINITE_RECURSION = YES;
				CLANG_WARN_INT_CONVERSION = YES;
				CLANG_WARN_NON_LITERAL_NULL_CONVERSION = YES;
				CLANG_WARN_OBJC_IMPLICIT_RETAIN_SELF = YES;
				CLANG_WARN_OBJC_LITERAL_CONVERSION = YES;
				CLANG_WARN_OBJC_ROOT_CLASS = YES_ERROR;
				CLANG_WARN_RANGE_LOOP_ANALYSIS = YES;
				CLANG_WARN_STRICT_PROTOTYPES = YES;
				CLANG_WARN_SUSPICIOUS_MOVE = YES;
				CLANG_WARN_UNGUARDED_AVAILABILITY = YES_AGGRESSIVE;
				CLANG_WARN_UNREACHABLE_CODE = YES;
				CLANG_WARN__DUPLICATE_METHOD_MATCH = YES;
				CODE_SIGN_IDENTITY = "iPhone Developer";
				COPY_PHASE_STRIP = NO;
				DEBUG_INFORMATION_FORMAT = "dwarf-with-dsym";
				ENABLE_NS_ASSERTIONS = NO;
				ENABLE_STRICT_OBJC_MSGSEND = YES;
				GCC_C_LANGUAGE_STANDARD = gnu11;
				GCC_NO_COMMON_BLOCKS = YES;
				GCC_WARN_64_TO_32_BIT_CONVERSION = YES;
				GCC_WARN_ABOUT_RETURN_TYPE = YES_ERROR;
				GCC_WARN_UNDECLARED_SELECTOR = YES;
				GCC_WARN_UNINITIALIZED_AUTOS = YES_AGGRESSIVE;
				GCC_WARN_UNUSED_FUNCTION = YES;
				GCC_WARN_UNUSED_VARIABLE = YES;
				IPHONEOS_DEPLOYMENT_TARGET = 12.1;
				MTL_ENABLE_DEBUG_INFO = NO;
				MTL_FAST_MATH = YES;
				SDKROOT = iphoneos;
				SWIFT_COMPILATION_MODE = wholemodule;
				SWIFT_OPTIMIZATION_LEVEL = "-O";
				VALIDATE_PRODUCT = YES;
			};
			name = Release;
		};
		ED1855D321C2D12A001977B0 /* Debug */ = {
			isa = XCBuildConfiguration;
			buildSettings = {
				ASSETCATALOG_COMPILER_APPICON_NAME = AppIcon;
				CODE_SIGN_STYLE = Automatic;
				DEVELOPMENT_TEAM = V68ZQE6A5Z;
				INFOPLIST_FILE = "Set Project/Info.plist";
				LD_RUNPATH_SEARCH_PATHS = (
					"$(inherited)",
					"@executable_path/Frameworks",
				);
				PRODUCT_BUNDLE_IDENTIFIER = "cs32.Set-Project";
				PRODUCT_NAME = "$(TARGET_NAME)";
				SWIFT_VERSION = 4.2;
				TARGETED_DEVICE_FAMILY = "1,2";
			};
			name = Debug;
		};
		ED1855D421C2D12A001977B0 /* Release */ = {
			isa = XCBuildConfiguration;
			buildSettings = {
				ASSETCATALOG_COMPILER_APPICON_NAME = AppIcon;
				CODE_SIGN_STYLE = Automatic;
				DEVELOPMENT_TEAM = V68ZQE6A5Z;
				INFOPLIST_FILE = "Set Project/Info.plist";
				LD_RUNPATH_SEARCH_PATHS = (
					"$(inherited)",
					"@executable_path/Frameworks",
				);
				PRODUCT_BUNDLE_IDENTIFIER = "cs32.Set-Project";
				PRODUCT_NAME = "$(TARGET_NAME)";
				SWIFT_VERSION = 4.2;
				TARGETED_DEVICE_FAMILY = "1,2";
			};
			name = Release;
		};
/* End XCBuildConfiguration section */

/* Begin XCConfigurationList section */
		ED1855B821C2D127001977B0 /* Build configuration list for PBXProject "Set Project" */ = {
			isa = XCConfigurationList;
			buildConfigurations = (
				ED1855D021C2D12A001977B0 /* Debug */,
				ED1855D121C2D12A001977B0 /* Release */,
			);
			defaultConfigurationIsVisible = 0;
			defaultConfigurationName = Release;
		};
		ED1855D221C2D12A001977B0 /* Build configuration list for PBXNativeTarget "Set Project" */ = {
			isa = XCConfigurationList;
			buildConfigurations = (
				ED1855D321C2D12A001977B0 /* Debug */,
				ED1855D421C2D12A001977B0 /* Release */,
			);
			defaultConfigurationIsVisible = 0;
			defaultConfigurationName = Release;
		};
/* End XCConfigurationList section */

/* Begin XCVersionGroup section */
		ED1855C721C2D127001977B0 /* Set_Project.xcdatamodeld */ = {
			isa = XCVersionGroup;
			children = (
				ED1855C821C2D127001977B0 /* Set_Project.xcdatamodel */,
			);
			currentVersion = ED1855C821C2D127001977B0 /* Set_Project.xcdatamodel */;
			path = Set_Project.xcdatamodeld;
			sourceTree = "<group>";
			versionGroupType = wrapper.xcdatamodel;
		};
/* End XCVersionGroup section */
	};
	rootObject = ED1855B521C2D127001977B0 /* Project object */;
}
